#MicroXplorer Configuration settings - do not modify
Mcu.Family=STM32F1
NVIC.USART3_IRQn=true\:0\:0\:false\:false\:true\:true\:true
ProjectManager.MainLocation=Core/Src
RCC.MCOFreq_Value=48000000
PB13.GPIOParameters=GPIO_Speed,GPIO_Label
USART2.IPParameters=VirtualMode
ProjectManager.KeepUserCode=true
Mcu.UserName=STM32F103C8Tx
PB10.Mode=Asynchronous
ADC1.ContinuousConvMode=ENABLE
Dma.USART2_TX.1.MemInc=DMA_MINC_ENABLE
RCC.PLLCLKFreq_Value=48000000
PC13-TAMPER-RTC.GPIOParameters=GPIO_Label
PB14.GPIO_Label=QD_D2
PA12.GPIOParameters=GPIO_Label
ProjectManager.functionlistsort=1-MX_GPIO_Init-GPIO-false-HAL-true,2-MX_DMA_Init-DMA-false-HAL-true,3-SystemClock_Config-RCC-false-HAL-false,4-MX_USART2_UART_Init-USART2-false-HAL-true,5-MX_TIM3_Init-TIM3-false-HAL-true,6-MX_TIM4_Init-TIM4-false-HAL-true,7-MX_USART3_UART_Init-USART3-false-HAL-true,8-MX_ADC1_Init-ADC1-false-HAL-true
PA9.GPIOParameters=GPIO_Label
PA11.GPIOParameters=GPIO_Label
RCC.ADCFreqValue=6000000
PA6.GPIO_Label=PQD_D1
PB0.GPIO_Label=QD_EN
PB6.GPIO_Label=DEPR_OPEN
PB13.GPIO_Label=HX1_SCL
PB11.Signal=USART3_RX
PB13.Signal=GPIO_Output
PB15.Signal=GPIO_Output
Dma.USART2_TX.1.RequestParameters=Instance,Direction,PeriphInc,MemInc,PeriphDataAlignment,MemDataAlignment,Mode,Priority
PC15-OSC32_OUT.GPIO_Label=IGNITER_CONNECTION_TEST
PinOutPanel.RotationAngle=0
TIM3.Channel-PWM\ Generation4\ CH4=TIM_CHANNEL_4
RCC.SYSCLKSource=RCC_SYSCLKSOURCE_PLLCLK
ProjectManager.StackSize=0x400
PB5.GPIOParameters=GPIO_Label
PD1-OSC_OUT.Signal=RCC_OSC_OUT
Mcu.IP4=SYS
RCC.FCLKCortexFreq_Value=48000000
Mcu.IP5=TIM3
Mcu.IP2=NVIC
NVIC.SVCall_IRQn=true\:0\:0\:false\:false\:true\:false\:false
Mcu.IP3=RCC
PA15.GPIO_Label=FILL_CLOSE_LIMIT_SW
PB4.GPIOParameters=GPIO_Label
Mcu.IP0=ADC1
PA12.Locked=true
Mcu.IP1=DMA
PA12.Signal=GPIO_Input
USART3.BaudRate=9600
Mcu.UserConstants=
SH.S_TIM3_CH2.ConfNb=1
Dma.USART2_RX.0.Priority=DMA_PRIORITY_LOW
Mcu.ThirdPartyNb=0
Dma.USART2_RX.0.PeriphDataAlignment=DMA_PDATAALIGN_BYTE
RCC.HCLKFreq_Value=48000000
Mcu.IPNb=9
ProjectManager.PreviousToolchain=
RCC.APB2TimFreq_Value=48000000
TIM3.Period=999
PB6.Signal=GPIO_Output
Dma.USART2_TX.1.Mode=DMA_NORMAL
PA8.GPIOParameters=GPIO_Label
Mcu.Pin6=PA2
Mcu.Pin7=PA3
Mcu.Pin8=PA4
Mcu.Pin9=PA5
RCC.AHBFreq_Value=48000000
PB13.Locked=true
Mcu.Pin0=PC13-TAMPER-RTC
Mcu.Pin1=PC15-OSC32_OUT
GPIO.groupedBy=Group By Peripherals
Mcu.Pin2=PD0-OSC_IN
Mcu.Pin3=PD1-OSC_OUT
PA0-WKUP.GPIOParameters=GPIO_Label
Mcu.Pin4=PA0-WKUP
Mcu.Pin5=PA1
TIM3.Pulse-PWM\ Generation3\ CH3=1000
ProjectManager.ProjectBuild=false
TIM4.Channel-PWM\ Generation3\ CH3=TIM_CHANNEL_3
NVIC.UsageFault_IRQn=true\:0\:0\:false\:false\:true\:false\:false
NVIC.DebugMonitor_IRQn=true\:0\:0\:false\:false\:true\:false\:false
PA8.Locked=true
PA4.Locked=true
NVIC.SysTick_IRQn=true\:0\:0\:false\:false\:true\:false\:true
RCC.PLLMUL=RCC_PLL_MUL6
PB12.GPIO_Label=HX1_SDA
ProjectManager.FirmwarePackage=STM32Cube FW_F1 V1.8.3
MxDb.Version=DB.6.0.21
PB0.GPIOParameters=GPIO_Label
PA1.GPIOParameters=GPIO_Label
ProjectManager.BackupPrevious=false
Dma.USART2_RX.0.MemDataAlignment=DMA_MDATAALIGN_BYTE
PA14.Mode=Serial_Wire
Dma.USART2_TX.1.Instance=DMA1_Channel7
SH.ADCx_IN1.ConfNb=1
TIM3.Prescaler=47
PB1.GPIO_Label=PQD_EN
File.Version=6
Dma.USART2_RX.0.Instance=DMA1_Channel6
PB3.GPIOParameters=GPIO_Label
PB7.Signal=GPIO_Output
PA8.Signal=GPIO_Input
PB8.Locked=true
PB6.Locked=true
NVIC.PendSV_IRQn=true\:0\:0\:false\:false\:true\:false\:false
TIM4.Period=999
Dma.RequestsNb=2
PB6.GPIOParameters=GPIO_Label
ProjectManager.HalAssertFull=false
PB0.Locked=true
ProjectManager.ProjectName=tanwa
RCC.PLLMCOFreq_Value=24000000
PB7.GPIO_Label=FILL_CLOSE
Mcu.Package=LQFP48
PB9.Signal=GPIO_Output
PB1.Signal=S_TIM3_CH4
PA6.Signal=GPIO_Output
PA7.Locked=true
PA5.Locked=true
Dma.USART2_RX.0.PeriphInc=DMA_PINC_DISABLE
USART2.VirtualMode=VM_ASYNC
ProjectManager.ToolChainLocation=
VP_SYS_VS_Systick.Signal=SYS_VS_Systick
USART3.IPParameters=VirtualMode,BaudRate
PA15.Signal=GPIO_Input
PA5.GPIOParameters=GPIO_Label
PB14.GPIOParameters=GPIO_Label
RCC.APB2CLKDivider=RCC_HCLK_DIV2
SH.ADCx_IN1.0=ADC1_IN1,IN1
PB5.GPIO_Label=DEPR_EN
Dma.Request1=USART2_TX
RCC.APB1TimFreq_Value=48000000
NVIC.BusFault_IRQn=true\:0\:0\:false\:false\:true\:false\:false
TIM3.Pulse-PWM\ Generation2\ CH2=1000
PC15-OSC32_OUT.GPIOParameters=GPIO_Label
Dma.Request0=USART2_RX
PA4.GPIO_Label=HX2_SDA
ProjectManager.CustomerFirmwarePackage=
PB15.Locked=true
PB3.Locked=true
PB4.Signal=GPIO_Output
PA3.Signal=USART2_RX
PB3.GPIO_Label=FILL_OPEN_LIMIT_SW
PA6.GPIOParameters=GPIO_Label
RCC.PLLSourceVirtual=RCC_PLLSOURCE_HSE
NVIC.DMA1_Channel6_IRQn=true\:0\:0\:false\:false\:true\:false\:true
Dma.USART2_TX.1.Priority=DMA_PRIORITY_LOW
TIM4.Pulse-PWM\ Generation3\ CH3=1000
ProjectManager.ProjectFileName=tanwa.ioc
TIM4.AutoReloadPreload=TIM_AUTORELOAD_PRELOAD_ENABLE
PB8.GPIOParameters=GPIO_Label
PD1-OSC_OUT.Mode=HSE-External-Oscillator
PB9.GPIO_Label=FILL_OPEN
PA15.GPIOParameters=GPIO_Label
Mcu.PinsNb=35
TIM3.AutoReloadPreload=TIM_AUTORELOAD_PRELOAD_ENABLE
ProjectManager.NoMain=false
ADC1.IPParameters=Rank-7\#ChannelRegularConversion,master,Channel-7\#ChannelRegularConversion,SamplingTime-7\#ChannelRegularConversion,NbrOfConversionFlag,ContinuousConvMode
PA9.GPIO_Label=QD_OPEN_LIMIT_SW
Dma.USART2_RX.0.Direction=DMA_PERIPH_TO_MEMORY
PC13-TAMPER-RTC.Signal=GPIO_Output
PA11.GPIO_Label=DEPR_CLOSE_LIMIT_SW
ProjectManager.DefaultFWLocation=true
PD0-OSC_IN.Signal=RCC_OSC_IN
PB12.Locked=true
ProjectManager.DeletePrevious=true
PB14.Locked=true
RCC.APB1CLKDivider=RCC_HCLK_DIV2
SH.S_TIM3_CH3.0=TIM3_CH3,PWM Generation3 CH3
Dma.USART2_TX.1.PeriphDataAlignment=DMA_PDATAALIGN_BYTE
NVIC.USART2_IRQn=true\:0\:0\:false\:false\:true\:true\:true
PA12.GPIO_Label=DEPR_OPEN_LIMIT_SW
RCC.FamilyName=M
PA0-WKUP.GPIO_Label=FIRE
PA0-WKUP.Signal=GPIO_Output
ADC1.Channel-7\#ChannelRegularConversion=ADC_CHANNEL_1
PA0-WKUP.Locked=true
Dma.USART2_RX.0.Mode=DMA_NORMAL
PB9.GPIOParameters=GPIO_Label
RCC.ADCPresc=RCC_ADCPCLK2_DIV4
PA3.Mode=Asynchronous
PA13.Signal=SYS_JTMS-SWDIO
TIM3.Channel-PWM\ Generation3\ CH3=TIM_CHANNEL_3
PB8.GPIO_Label=FILL_EN
PA15.Locked=true
PA11.Locked=true
PA8.GPIO_Label=QD_CLOSE_LIMIT_SW
PC15-OSC32_OUT.Locked=true
PB11.Mode=Asynchronous
ProjectManager.TargetToolchain=STM32CubeIDE
TIM4.IPParameters=Channel-PWM Generation3 CH3,Prescaler,Period,Pulse-PWM Generation3 CH3,AutoReloadPreload
SH.S_TIM3_CH3.ConfNb=1
PB7.GPIOParameters=GPIO_Label
SH.S_TIM4_CH3.0=TIM4_CH3,PWM Generation3 CH3
PA9.Signal=GPIO_Input
PB13.GPIO_Speed=GPIO_SPEED_FREQ_HIGH
PB5.Locked=true
PB9.Locked=true
ProjectManager.RegisterCallBack=
PC13-TAMPER-RTC.Locked=true
RCC.USBFreq_Value=48000000
TIM4.Prescaler=47
PC15-OSC32_OUT.Signal=GPIO_Input
PA1.Signal=ADCx_IN1
PB1.Locked=true
PD0-OSC_IN.Mode=HSE-External-Oscillator
PB10.Signal=USART3_TX
SH.S_TIM4_CH3.ConfNb=1
PB14.Signal=GPIO_Output
PA5.Signal=GPIO_Input
SH.S_TIM3_CH2.0=TIM3_CH2,PWM Generation2 CH2
Dma.USART2_TX.1.PeriphInc=DMA_PINC_DISABLE
board=custom
ProjectManager.LastFirmware=false
PC13-TAMPER-RTC.GPIO_Label=BUILD_IN_LED
RCC.VCOOutput2Freq_Value=8000000
Dma.USART2_TX.1.Direction=DMA_MEMORY_TO_PERIPH
RCC.APB2Freq_Value=24000000
MxCube.Version=6.2.1
PB4.GPIO_Label=DEPR_CLOSE
PB15.GPIO_Label=QD_D1
Mcu.Pin30=PB6
VP_SYS_VS_Systick.Mode=SysTick
PA1.GPIO_Label=VOLTAGE_MEASURE
Mcu.Pin33=PB9
TIM3.IPParameters=Channel-PWM Generation3 CH3,Channel-PWM Generation2 CH2,Channel-PWM Generation4 CH4,Period,Prescaler,AutoReloadPreload,Pulse-PWM Generation2 CH2,Pulse-PWM Generation3 CH3,Pulse-PWM Generation4 CH4
Mcu.Pin34=VP_SYS_VS_Systick
Mcu.Pin31=PB7
Mcu.Pin32=PB8
PA9.Locked=true
NVIC.NonMaskableInt_IRQn=true\:0\:0\:false\:false\:true\:false\:false
PA4.GPIOParameters=GPIO_Label
PB15.GPIOParameters=GPIO_Label
PA13.Mode=Serial_Wire
ProjectManager.FreePins=false
RCC.IPParameters=ADCFreqValue,ADCPresc,AHBFreq_Value,APB1CLKDivider,APB1Freq_Value,APB1TimFreq_Value,APB2CLKDivider,APB2Freq_Value,APB2TimFreq_Value,FCLKCortexFreq_Value,FamilyName,HCLKFreq_Value,MCOFreq_Value,PLLCLKFreq_Value,PLLMCOFreq_Value,PLLMUL,PLLSourceVirtual,SYSCLKFreq_VALUE,SYSCLKSource,TimSysFreq_Value,USBFreq_Value,VCOOutput2Freq_Value
ProjectManager.AskForMigrate=true
Mcu.Name=STM32F103C(8-B)Tx
Dma.USART2_RX.0.MemInc=DMA_MINC_ENABLE
Mcu.Pin26=PA15
Mcu.Pin27=PB3
PA2.Signal=USART2_TX
Mcu.Pin24=PA13
ProjectManager.UnderRoot=true
Mcu.Pin25=PA14
Mcu.IP8=USART3
Mcu.Pin28=PB4
Mcu.IP6=TIM4
Mcu.Pin29=PB5
Mcu.IP7=USART2
ProjectManager.CoupleFile=true
PB4.Locked=true
PB3.Signal=GPIO_Input
PA4.Signal=GPIO_Input
RCC.SYSCLKFreq_VALUE=48000000
PB5.Signal=S_TIM3_CH2
Mcu.Pin22=PA11
Mcu.Pin23=PA12
RCC.TimSysFreq_Value=48000000
PA7.GPIO_Label=PQD_D2
Mcu.Pin20=PA8
ADC1.master=1
Mcu.Pin21=PA9
PA5.GPIO_Label=HX2_SCL
NVIC.ForceEnableDMAVector=true
KeepUserPlacement=false
USART3.VirtualMode=VM_ASYNC
NVIC.MemoryManagement_IRQn=true\:0\:0\:false\:false\:true\:false\:false
ProjectManager.CompilerOptimize=6
PA11.Signal=GPIO_Input
PA14.Signal=SYS_JTCK-SWCLK
ProjectManager.HeapSize=0x200
Mcu.Pin15=PB11
NVIC.HardFault_IRQn=true\:0\:0\:false\:false\:true\:false\:false
Mcu.Pin16=PB12
Mcu.Pin13=PB1
Mcu.Pin14=PB10
Mcu.Pin19=PB15
ProjectManager.ComputerToolchain=false
Mcu.Pin17=PB13
Mcu.Pin18=PB14
ADC1.Rank-7\#ChannelRegularConversion=1
SH.S_TIM3_CH4.ConfNb=1
NVIC.PriorityGroup=NVIC_PRIORITYGROUP_4
ADC1.NbrOfConversionFlag=1
Mcu.Pin11=PA7
TIM3.Channel-PWM\ Generation2\ CH2=TIM_CHANNEL_2
Mcu.Pin12=PB0
Mcu.Pin10=PA6
PB7.Locked=true
PA2.Mode=Asynchronous
PB8.Signal=S_TIM4_CH3
NVIC.DMA1_Channel7_IRQn=true\:0\:0\:false\:false\:true\:false\:true
ADC1.SamplingTime-7\#ChannelRegularConversion=ADC_SAMPLETIME_1CYCLE_5
Dma.USART2_TX.1.MemDataAlignment=DMA_MDATAALIGN_BYTE
RCC.APB1Freq_Value=24000000
PB0.Signal=S_TIM3_CH3
Dma.USART2_RX.0.RequestParameters=Instance,Direction,PeriphInc,MemInc,PeriphDataAlignment,MemDataAlignment,Mode,Priority
PA7.GPIOParameters=GPIO_Label
TIM3.Pulse-PWM\ Generation4\ CH4=1000
ProjectManager.DeviceId=STM32F103C8Tx
PB12.GPIOParameters=GPIO_Label
PB12.Signal=GPIO_Input
ProjectManager.LibraryCopy=1
SH.S_TIM3_CH4.0=TIM3_CH4,PWM Generation4 CH4
PB1.GPIOParameters=GPIO_Label
PA7.Signal=GPIO_Output
PA6.Locked=true
isbadioc=false
