#MicroXplorer Configuration settings - do not modify
Mcu.Family=STM32F1
NVIC.USART3_IRQn=true\:1\:0\:true\:true\:true\:5\:true\:true
ProjectManager.MainLocation=Core/Src
USART2.IPParameters=VirtualMode
NVIC.DMA1_Channel5_IRQn=true\:1\:0\:true\:true\:true\:1\:false\:true
ProjectManager.KeepUserCode=true
Mcu.UserName=STM32F103C8Tx
SPI1.VirtualType=VM_MASTER
PB10.Mode=Asynchronous
ADC1.ContinuousConvMode=ENABLE
RCC.PLLCLKFreq_Value=8000000
PC13-TAMPER-RTC.GPIOParameters=GPIO_Label
ProjectManager.functionlistsort=1-MX_GPIO_Init-GPIO-false-HAL-true,2-MX_DMA_Init-DMA-false-HAL-true,3-SystemClock_Config-RCC-false-HAL-false,4-MX_SPI1_Init-SPI1-false-HAL-true,5-MX_USART1_UART_Init-USART1-false-HAL-true,6-MX_USART2_UART_Init-USART2-false-HAL-true,7-MX_USART3_UART_Init-USART3-false-HAL-true,8-MX_ADC1_Init-ADC1-false-HAL-true
RCC.ADCFreqValue=1000000
USART1.IPParameters=VirtualMode
PB11.Signal=USART3_RX
PinOutPanel.RotationAngle=0
Dma.USART2_RX.1.MemDataAlignment=DMA_MDATAALIGN_BYTE
ProjectManager.StackSize=0x400
PB5.GPIOParameters=GPIO_Label
PD1-OSC_OUT.Signal=RCC_OSC_OUT
Mcu.IP4=SPI1
Mcu.IP5=SYS
Mcu.IP2=NVIC
NVIC.SVCall_IRQn=true\:0\:0\:false\:false\:true\:false\:false
Mcu.IP3=RCC
PB4.GPIOParameters=GPIO_Label
Mcu.IP0=ADC1
Mcu.IP1=DMA
USART3.BaudRate=9600
Mcu.UserConstants=
ADC1.Channel-5\#ChannelRegularConversion=ADC_CHANNEL_9
Mcu.ThirdPartyNb=0
ADC1.Channel-3\#ChannelRegularConversion=ADC_CHANNEL_7
SPI1.Direction=SPI_DIRECTION_2LINES
Mcu.IPNb=9
ProjectManager.PreviousToolchain=
ADC1.Channel-2\#ChannelRegularConversion=ADC_CHANNEL_6
Dma.USART2_RX.1.PeriphInc=DMA_PINC_DISABLE
SPI1.CalculateBaudRate=2.0 MBits/s
SH.ADCx_IN7.ConfNb=1
Mcu.Pin6=PA5
Mcu.Pin7=PA6
Mcu.Pin8=PA7
Mcu.Pin9=PB0
Dma.USART2_RX.1.MemInc=DMA_MINC_ENABLE
Dma.USART1_RX.0.Priority=DMA_PRIORITY_LOW
Mcu.Pin0=PC13-TAMPER-RTC
Mcu.Pin1=PD0-OSC_IN
GPIO.groupedBy=Group By Peripherals
Mcu.Pin2=PD1-OSC_OUT
Mcu.Pin3=PA2
Mcu.Pin4=PA3
Mcu.Pin5=PA4
ADC1.Channel-0\#ChannelRegularConversion=ADC_CHANNEL_4
ProjectManager.ProjectBuild=false
Dma.USART2_RX.1.RequestParameters=Instance,Direction,PeriphInc,MemInc,PeriphDataAlignment,MemDataAlignment,Mode,Priority
NVIC.UsageFault_IRQn=true\:0\:0\:false\:false\:true\:false\:false
NVIC.DebugMonitor_IRQn=true\:0\:0\:false\:false\:true\:false\:false
PB3.Mode=Full_Duplex_Master
NVIC.SysTick_IRQn=true\:0\:0\:false\:false\:true\:false\:true
PB12.GPIO_Label=SD_CS
ProjectManager.FirmwarePackage=STM32Cube FW_F1 V1.8.3
ADC1.SamplingTime-4\#ChannelRegularConversion=ADC_SAMPLETIME_239CYCLES_5
MxDb.Version=DB.6.0.21
ADC1.Rank-2\#ChannelRegularConversion=3
PB4.Mode=Full_Duplex_Master
Dma.ADC1.2.MemDataAlignment=DMA_MDATAALIGN_HALFWORD
ProjectManager.BackupPrevious=false
PA14.Mode=Serial_Wire
PB5.Mode=Full_Duplex_Master
File.Version=6
SH.ADCx_IN8.0=ADC1_IN8,IN8
PB8.PinState=GPIO_PIN_SET
Dma.ADC1.2.Direction=DMA_PERIPH_TO_MEMORY
PB3.GPIOParameters=GPIO_Label
PB7.Signal=GPIO_Input
PB8.Locked=true
SH.ADCx_IN4.ConfNb=1
NVIC.PendSV_IRQn=true\:0\:0\:false\:false\:true\:false\:false
SH.ADCx_IN6.ConfNb=1
Dma.USART1_RX.0.MemInc=DMA_MINC_ENABLE
Dma.RequestsNb=3
ProjectManager.HalAssertFull=false
ADC1.SamplingTime-0\#ChannelRegularConversion=ADC_SAMPLETIME_239CYCLES_5
ProjectManager.ProjectName=STM_Round
RCC.PLLMCOFreq_Value=4000000
PB7.GPIO_Label=DO_RF
Mcu.Package=LQFP48
PB9.Signal=GPIO_Output
PB1.Signal=ADCx_IN9
PA6.Signal=ADCx_IN6
USART2.VirtualMode=VM_ASYNC
ProjectManager.ToolChainLocation=
VP_SYS_VS_Systick.Signal=SYS_VS_Systick
Dma.USART1_RX.0.RequestParameters=Instance,Direction,PeriphInc,MemInc,PeriphDataAlignment,MemDataAlignment,Mode,Priority
USART3.IPParameters=VirtualMode,BaudRate
PA10.Signal=USART1_RX
SH.ADCx_IN9.0=ADC1_IN9,IN9
PB5.GPIO_Label=MOSI_RF
Dma.Request2=ADC1
Dma.Request1=USART2_RX
NVIC.BusFault_IRQn=true\:0\:0\:false\:false\:true\:false\:false
Dma.USART1_RX.0.Mode=DMA_NORMAL
SH.ADCx_IN9.ConfNb=1
NVIC.USART1_IRQn=true\:1\:0\:true\:true\:true\:3\:true\:true
Dma.USART2_RX.1.Mode=DMA_NORMAL
Dma.Request0=USART1_RX
SPI1.BaudRatePrescaler=SPI_BAUDRATEPRESCALER_4
Dma.USART1_RX.0.Instance=DMA1_Channel5
ProjectManager.CustomerFirmwarePackage=
ADC1.Rank-4\#ChannelRegularConversion=5
PB3.Locked=true
PB4.Signal=SPI1_MISO
Dma.ADC1.2.Mode=DMA_CIRCULAR
PA3.Signal=USART2_RX
PB3.GPIO_Label=SCK_RF
NVIC.DMA1_Channel6_IRQn=true\:1\:0\:true\:true\:true\:2\:false\:true
ProjectManager.ProjectFileName=STM_Round.ioc
Dma.USART2_RX.1.Priority=DMA_PRIORITY_LOW
PB8.GPIOParameters=GPIO_Speed,PinState,GPIO_Label
ADC1.Rank-0\#ChannelRegularConversion=1
PD1-OSC_OUT.Mode=HSE-External-Oscillator
Dma.USART1_RX.0.PeriphDataAlignment=DMA_PDATAALIGN_BYTE
PB9.GPIO_Label=RF_RST
ADC1.Channel-4\#ChannelRegularConversion=ADC_CHANNEL_8
PA10.Mode=Asynchronous
Mcu.PinsNb=25
ProjectManager.NoMain=false
SPI1.IPParameters=VirtualType,Mode,Direction,CalculateBaudRate,BaudRatePrescaler
SH.ADCx_IN6.0=ADC1_IN6,IN6
ADC1.IPParameters=Rank-0\#ChannelRegularConversion,Channel-0\#ChannelRegularConversion,SamplingTime-0\#ChannelRegularConversion,NbrOfConversionFlag,NbrOfConversion,ContinuousConvMode,Rank-1\#ChannelRegularConversion,Channel-1\#ChannelRegularConversion,SamplingTime-1\#ChannelRegularConversion,Rank-2\#ChannelRegularConversion,Channel-2\#ChannelRegularConversion,SamplingTime-2\#ChannelRegularConversion,Rank-3\#ChannelRegularConversion,Channel-3\#ChannelRegularConversion,SamplingTime-3\#ChannelRegularConversion,Rank-4\#ChannelRegularConversion,Channel-4\#ChannelRegularConversion,SamplingTime-4\#ChannelRegularConversion,master,Rank-5\#ChannelRegularConversion,Channel-5\#ChannelRegularConversion,SamplingTime-5\#ChannelRegularConversion
Dma.ADC1.2.PeriphDataAlignment=DMA_PDATAALIGN_HALFWORD
PC13-TAMPER-RTC.Signal=GPIO_Output
ProjectManager.DefaultFWLocation=true
PD0-OSC_IN.Signal=RCC_OSC_IN
PB12.Locked=true
ProjectManager.DeletePrevious=true
NVIC.USART2_IRQn=true\:1\:0\:true\:true\:true\:4\:true\:true
ADC1.SamplingTime-2\#ChannelRegularConversion=ADC_SAMPLETIME_239CYCLES_5
RCC.FamilyName=M
PB9.GPIOParameters=PinState,GPIO_Label
RCC.ADCPresc=RCC_ADCPCLK2_DIV8
PA3.Mode=Asynchronous
PA13.Signal=SYS_JTMS-SWDIO
PB8.GPIO_Label=CS_RF
PA9.Mode=Asynchronous
Dma.ADC1.2.MemInc=DMA_MINC_ENABLE
PB11.Mode=Asynchronous
ProjectManager.TargetToolchain=STM32CubeIDE
SH.ADCx_IN7.0=ADC1_IN7,IN7
PB7.GPIOParameters=GPIO_Label
Dma.USART1_RX.0.Direction=DMA_PERIPH_TO_MEMORY
PA9.Signal=USART1_TX
ADC1.Channel-1\#ChannelRegularConversion=ADC_CHANNEL_5
PB5.Locked=true
PB9.Locked=true
Dma.ADC1.2.RequestParameters=Instance,Direction,PeriphInc,MemInc,PeriphDataAlignment,MemDataAlignment,Mode,Priority
ProjectManager.RegisterCallBack=
PC13-TAMPER-RTC.Locked=true
Dma.USART1_RX.0.PeriphInc=DMA_PINC_DISABLE
PB12.GPIO_Speed=GPIO_SPEED_FREQ_MEDIUM
Dma.USART2_RX.1.Instance=DMA1_Channel6
PB1.Locked=true
PD0-OSC_IN.Mode=HSE-External-Oscillator
PB10.Signal=USART3_TX
Dma.USART2_RX.1.Direction=DMA_PERIPH_TO_MEMORY
PA5.Signal=ADCx_IN5
Dma.USART2_RX.1.PeriphDataAlignment=DMA_PDATAALIGN_BYTE
board=custom
ProjectManager.LastFirmware=false
PC13-TAMPER-RTC.GPIO_Label=LED
RCC.APB2Freq_Value=8000000
MxCube.Version=6.2.1
PB4.GPIO_Label=MISO_RF
SPI1.Mode=SPI_MODE_MASTER
VP_SYS_VS_Systick.Mode=SysTick
Dma.USART1_RX.0.MemDataAlignment=DMA_MDATAALIGN_BYTE
SH.ADCx_IN4.0=ADC1_IN4,IN4
NVIC.NonMaskableInt_IRQn=true\:0\:0\:false\:false\:true\:false\:false
SH.ADCx_IN8.ConfNb=1
ADC1.NbrOfConversion=6
PA13.Mode=Serial_Wire
ProjectManager.FreePins=false
RCC.IPParameters=ADCFreqValue,ADCPresc,APB1Freq_Value,APB2Freq_Value,FamilyName,PLLCLKFreq_Value,PLLMCOFreq_Value,TimSysFreq_Value
ProjectManager.AskForMigrate=true
Mcu.Name=STM32F103C(8-B)Tx
PA2.Signal=USART2_TX
Mcu.Pin24=VP_SYS_VS_Systick
Dma.ADC1.2.Instance=DMA1_Channel1
ProjectManager.UnderRoot=true
Mcu.IP8=USART3
Mcu.IP6=USART1
Mcu.IP7=USART2
ProjectManager.CoupleFile=true
PB4.Locked=true
PB3.Signal=SPI1_SCK
PA4.Signal=ADCx_IN4
ADC1.SamplingTime-1\#ChannelRegularConversion=ADC_SAMPLETIME_239CYCLES_5
Dma.ADC1.2.Priority=DMA_PRIORITY_LOW
Mcu.Pin22=PB8
PB5.Signal=SPI1_MOSI
Mcu.Pin23=PB9
RCC.TimSysFreq_Value=8000000
Mcu.Pin20=PB5
ADC1.master=1
Mcu.Pin21=PB7
ADC1.Rank-3\#ChannelRegularConversion=4
ADC1.SamplingTime-3\#ChannelRegularConversion=ADC_SAMPLETIME_239CYCLES_5
Dma.ADC1.2.PeriphInc=DMA_PINC_DISABLE
NVIC.ForceEnableDMAVector=true
KeepUserPlacement=false
USART3.VirtualMode=VM_ASYNC
NVIC.MemoryManagement_IRQn=true\:0\:0\:false\:false\:true\:false\:false
USART1.VirtualMode=VM_ASYNC
ProjectManager.CompilerOptimize=6
PB9.PinState=GPIO_PIN_SET
ADC1.Rank-1\#ChannelRegularConversion=2
PA14.Signal=SYS_JTCK-SWCLK
ProjectManager.HeapSize=0x200
Mcu.Pin15=PA10
NVIC.HardFault_IRQn=true\:0\:0\:false\:false\:true\:false\:false
Mcu.Pin16=PA13
Mcu.Pin13=PB12
Mcu.Pin14=PA9
Mcu.Pin19=PB4
ADC1.SamplingTime-5\#ChannelRegularConversion=ADC_SAMPLETIME_239CYCLES_5
ProjectManager.ComputerToolchain=false
Mcu.Pin17=PA14
Mcu.Pin18=PB3
SH.ADCx_IN5.0=ADC1_IN5,IN5
NVIC.PriorityGroup=NVIC_PRIORITYGROUP_4
ADC1.NbrOfConversionFlag=1
Mcu.Pin11=PB10
Mcu.Pin12=PB11
Mcu.Pin10=PB1
PB7.Locked=true
PA2.Mode=Asynchronous
PB8.Signal=GPIO_Output
SH.ADCx_IN5.ConfNb=1
NVIC.DMA1_Channel1_IRQn=true\:0\:0\:false\:false\:true\:false\:true
RCC.APB1Freq_Value=8000000
PB8.GPIO_Speed=GPIO_SPEED_FREQ_MEDIUM
PB0.Signal=ADCx_IN8
ADC1.Rank-5\#ChannelRegularConversion=6
ProjectManager.DeviceId=STM32F103C8Tx
PB12.GPIOParameters=GPIO_Speed,GPIO_Label
PB12.Signal=GPIO_Output
ProjectManager.LibraryCopy=1
PA7.Signal=ADCx_IN7
isbadioc=false
