#MicroXplorer Configuration settings - do not modify
Mcu.Family=STM32F1
ProjectManager.MainLocation=Core/Src
RCC.MCOFreq_Value=48000000
PB13.GPIOParameters=GPIO_Label
USART2.IPParameters=VirtualMode
ProjectManager.KeepUserCode=true
Mcu.UserName=STM32F103C8Tx
PB10.Mode=Asynchronous
RCC.PLLCLKFreq_Value=48000000
PB14.GPIO_Label=QD_D2
PC13-TAMPER-RTC.GPIOParameters=GPIO_Label
ProjectManager.functionlistsort=1-MX_GPIO_Init-GPIO-false-HAL-true,2-SystemClock_Config-RCC-false-HAL-false,3-MX_USART2_UART_Init-USART2-false-HAL-true,4-MX_USB_PCD_Init-USB-false-HAL-true,5-MX_TIM3_Init-TIM3-false-HAL-true,6-MX_TIM4_Init-TIM4-false-HAL-true,7-MX_USART3_UART_Init-USART3-false-HAL-true
PA9.GPIOParameters=GPIO_Label
PA11.Mode=Device
RCC.ADCFreqValue=6000000
PA6.GPIO_Label=PQD_D1
PB0.GPIO_Label=QD_EN
PB6.GPIO_Label=DEPR_OPEN
PB13.GPIO_Label=HX1_SCL
PB11.Signal=USART3_RX
PB13.Signal=GPIO_Output
PB15.Signal=GPIO_Output
PC15-OSC32_OUT.GPIO_Label=IGN_TEST_CON
PinOutPanel.RotationAngle=0
TIM3.Channel-PWM\ Generation4\ CH4=TIM_CHANNEL_4
RCC.SYSCLKSource=RCC_SYSCLKSOURCE_PLLCLK
ProjectManager.StackSize=0x400
PB5.GPIOParameters=GPIO_Label
PD1-OSC_OUT.Signal=RCC_OSC_OUT
Mcu.IP4=TIM4
RCC.FCLKCortexFreq_Value=48000000
Mcu.IP5=USART2
NVIC.SVCall_IRQn=true\:0\:0\:false\:false\:true\:false\:false
Mcu.IP2=SYS
Mcu.IP3=TIM3
PA15.GPIO_Label=FILL_C_LIMIT_SW
PB4.GPIOParameters=GPIO_Label
Mcu.IP0=NVIC
Mcu.IP1=RCC
PA12.Signal=USB_DP
Mcu.UserConstants=
SH.S_TIM3_CH2.ConfNb=1
Mcu.ThirdPartyNb=0
RCC.HCLKFreq_Value=48000000
Mcu.IPNb=8
ProjectManager.PreviousToolchain=
RCC.APB2TimFreq_Value=48000000
TIM3.Period=999
PB6.Signal=GPIO_Output
PA8.GPIOParameters=GPIO_Label
Mcu.Pin6=PA4
Mcu.Pin7=PA5
Mcu.Pin8=PA6
Mcu.Pin9=PA7
RCC.AHBFreq_Value=48000000
PB13.Locked=true
Mcu.Pin0=PC13-TAMPER-RTC
Mcu.Pin1=PC15-OSC32_OUT
GPIO.groupedBy=Group By Peripherals
Mcu.Pin2=PD0-OSC_IN
Mcu.Pin3=PD1-OSC_OUT
Mcu.Pin4=PA2
Mcu.Pin5=PA3
ProjectManager.ProjectBuild=false
TIM4.Channel-PWM\ Generation3\ CH3=TIM_CHANNEL_3
NVIC.UsageFault_IRQn=true\:0\:0\:false\:false\:true\:false\:false
NVIC.DebugMonitor_IRQn=true\:0\:0\:false\:false\:true\:false\:false
PA8.Locked=true
PA4.Locked=true
NVIC.SysTick_IRQn=true\:0\:0\:false\:false\:true\:false\:true
RCC.PLLMUL=RCC_PLL_MUL6
PB12.GPIO_Label=HX1_SDA
ProjectManager.FirmwarePackage=STM32Cube FW_F1 V1.8.3
MxDb.Version=DB.6.0.10
PB0.GPIOParameters=GPIO_Label
ProjectManager.BackupPrevious=false
PA14.Mode=Serial_Wire
TIM3.Prescaler=7
PB1.GPIO_Label=PQD_EN
File.Version=6
PA10.GPIO_Label=IGN_FIRE
PB3.GPIOParameters=GPIO_Label
PB7.Signal=GPIO_Output
PB8.Locked=true
PA8.Signal=GPIO_Input
PB6.Locked=true
NVIC.PendSV_IRQn=true\:0\:0\:false\:false\:true\:false\:false
PB6.GPIOParameters=GPIO_Label
ProjectManager.HalAssertFull=false
PB0.Locked=true
ProjectManager.ProjectName=tanwa
RCC.PLLMCOFreq_Value=24000000
PB7.GPIO_Label=FILL_CLOSE
Mcu.Package=LQFP48
PB9.Signal=GPIO_Output
PB1.Signal=S_TIM3_CH4
PA6.Signal=GPIO_Output
PA7.Locked=true
PA5.Locked=true
USART2.VirtualMode=VM_ASYNC
ProjectManager.ToolChainLocation=
VP_SYS_VS_Systick.Signal=SYS_VS_Systick
USART3.IPParameters=VirtualMode
PA10.Signal=GPIO_Output
PA15.Signal=GPIO_Input
PA5.GPIOParameters=GPIO_Label
PB14.GPIOParameters=GPIO_Label
RCC.APB2CLKDivider=RCC_HCLK_DIV2
PB5.GPIO_Label=DEPR_EN
RCC.APB1TimFreq_Value=48000000
NVIC.BusFault_IRQn=true\:0\:0\:false\:false\:true\:false\:false
TIM3.Pulse-PWM\ Generation2\ CH2=500
PC15-OSC32_OUT.GPIOParameters=GPIO_Label
PA4.GPIO_Label=HX2_SDA
ProjectManager.CustomerFirmwarePackage=
PB15.Locked=true
PB3.Locked=true
PB4.Signal=GPIO_Output
PA3.Signal=USART2_RX
PB3.GPIO_Label=FILL_O_LIMIT_SW
PA6.GPIOParameters=GPIO_Label
ProjectManager.ProjectFileName=tanwa.ioc
PB8.GPIOParameters=GPIO_Label
PD1-OSC_OUT.Mode=HSE-External-Oscillator
PB9.GPIO_Label=FILL_OPEN
PA15.GPIOParameters=GPIO_Label
Mcu.PinsNb=34
TIM3.AutoReloadPreload=TIM_AUTORELOAD_PRELOAD_ENABLE
ProjectManager.NoMain=false
PA9.GPIO_Label=DEPR_O_LIMIT_SW
PC13-TAMPER-RTC.Signal=GPIO_Output
ProjectManager.DefaultFWLocation=true
PD0-OSC_IN.Signal=RCC_OSC_IN
PB12.Locked=true
ProjectManager.DeletePrevious=true
PB14.Locked=true
RCC.APB1CLKDivider=RCC_HCLK_DIV2
SH.S_TIM3_CH3.0=TIM3_CH3,PWM Generation3 CH3
RCC.FamilyName=M
PB9.GPIOParameters=GPIO_Label
RCC.ADCPresc=RCC_ADCPCLK2_DIV4
PA3.Mode=Asynchronous
PA13.Signal=SYS_JTMS-SWDIO
TIM3.Channel-PWM\ Generation3\ CH3=TIM_CHANNEL_3
PB8.GPIO_Label=FILL_EN
PA15.Locked=true
PA8.GPIO_Label=DEPR_C_LIMIT_SW
PC15-OSC32_OUT.Locked=true
PB11.Mode=Asynchronous
ProjectManager.TargetToolchain=STM32CubeIDE
TIM4.IPParameters=Channel-PWM Generation3 CH3
SH.S_TIM3_CH3.ConfNb=1
SH.S_TIM4_CH3.0=TIM4_CH3,PWM Generation3 CH3
PB7.GPIOParameters=GPIO_Label
PA9.Signal=GPIO_Input
PB5.Locked=true
PB9.Locked=true
ProjectManager.RegisterCallBack=
PC13-TAMPER-RTC.Locked=true
RCC.USBFreq_Value=48000000
PC15-OSC32_OUT.Signal=GPIO_Input
PB1.Locked=true
PD0-OSC_IN.Mode=HSE-External-Oscillator
PB10.Signal=USART3_TX
SH.S_TIM4_CH3.ConfNb=1
PB14.Signal=GPIO_Output
PA5.Signal=GPIO_Input
SH.S_TIM3_CH2.0=TIM3_CH2,PWM Generation2 CH2
board=custom
ProjectManager.LastFirmware=true
PC13-TAMPER-RTC.GPIO_Label=BUILD_IN_LED
RCC.VCOOutput2Freq_Value=8000000
RCC.APB2Freq_Value=24000000
MxCube.Version=6.1.1
PB4.GPIO_Label=DEPR_CLOSE
PB15.GPIO_Label=QD_D1
Mcu.Pin30=PB7
PA10.GPIOParameters=GPIO_Label
VP_SYS_VS_Systick.Mode=SysTick
Mcu.Pin33=VP_SYS_VS_Systick
TIM3.IPParameters=Channel-PWM Generation3 CH3,Channel-PWM Generation2 CH2,Channel-PWM Generation4 CH4,Period,Prescaler,AutoReloadPreload,Pulse-PWM Generation2 CH2
Mcu.Pin31=PB8
Mcu.Pin32=PB9
PA9.Locked=true
NVIC.NonMaskableInt_IRQn=true\:0\:0\:false\:false\:true\:false\:false
PA4.GPIOParameters=GPIO_Label
PB15.GPIOParameters=GPIO_Label
PA13.Mode=Serial_Wire
ProjectManager.FreePins=false
RCC.IPParameters=ADCFreqValue,ADCPresc,AHBFreq_Value,APB1CLKDivider,APB1Freq_Value,APB1TimFreq_Value,APB2CLKDivider,APB2Freq_Value,APB2TimFreq_Value,FCLKCortexFreq_Value,FamilyName,HCLKFreq_Value,MCOFreq_Value,PLLCLKFreq_Value,PLLMCOFreq_Value,PLLMUL,SYSCLKFreq_VALUE,SYSCLKSource,TimSysFreq_Value,USBFreq_Value,VCOOutput2Freq_Value
ProjectManager.AskForMigrate=true
Mcu.Name=STM32F103C(8-B)Tx
Mcu.Pin26=PB3
Mcu.Pin27=PB4
PA2.Signal=USART2_TX
Mcu.Pin24=PA14
ProjectManager.UnderRoot=true
Mcu.Pin25=PA15
Mcu.Pin28=PB5
Mcu.IP6=USART3
Mcu.Pin29=PB6
Mcu.IP7=USB
ProjectManager.CoupleFile=true
PB4.Locked=true
PB3.Signal=GPIO_Input
PA4.Signal=GPIO_Input
RCC.SYSCLKFreq_VALUE=48000000
PB5.Signal=S_TIM3_CH2
Mcu.Pin22=PA12
Mcu.Pin23=PA13
RCC.TimSysFreq_Value=48000000
PA7.GPIO_Label=PQD_D2
Mcu.Pin20=PA10
Mcu.Pin21=PA11
PA12.Mode=Device
PA5.GPIO_Label=HX2_SCL
PA10.Locked=true
NVIC.ForceEnableDMAVector=true
KeepUserPlacement=false
USART3.VirtualMode=VM_ASYNC
NVIC.MemoryManagement_IRQn=true\:0\:0\:false\:false\:true\:false\:false
ProjectManager.CompilerOptimize=6
PA11.Signal=USB_DM
PA14.Signal=SYS_JTCK-SWCLK
ProjectManager.HeapSize=0x200
Mcu.Pin15=PB13
NVIC.HardFault_IRQn=true\:0\:0\:false\:false\:true\:false\:false
Mcu.Pin16=PB14
Mcu.Pin13=PB11
Mcu.Pin14=PB12
Mcu.Pin19=PA9
ProjectManager.ComputerToolchain=false
Mcu.Pin17=PB15
Mcu.Pin18=PA8
SH.S_TIM3_CH4.ConfNb=1
NVIC.PriorityGroup=NVIC_PRIORITYGROUP_4
Mcu.Pin11=PB1
TIM3.Channel-PWM\ Generation2\ CH2=TIM_CHANNEL_2
Mcu.Pin12=PB10
Mcu.Pin10=PB0
PB7.Locked=true
PA2.Mode=Asynchronous
PB8.Signal=S_TIM4_CH3
RCC.APB1Freq_Value=24000000
PB0.Signal=S_TIM3_CH3
PA7.GPIOParameters=GPIO_Label
ProjectManager.DeviceId=STM32F103C8Tx
PB12.GPIOParameters=GPIO_Label
PB12.Signal=GPIO_Input
ProjectManager.LibraryCopy=1
SH.S_TIM3_CH4.0=TIM3_CH4,PWM Generation4 CH4
PB1.GPIOParameters=GPIO_Label
PA7.Signal=GPIO_Output
PA6.Locked=true
isbadioc=false
